
Microsoft Visual Studio Solution File, Format Version 12.00
# Visual Studio Version 17
VisualStudioVersion = 17.2.32505.173
MinimumVisualStudioVersion = 10.0.40219.1
Project("{FAE04EC0-301F-11D3-BF4B-00C04F79EFBC}") = "FilmesAPI", "FilmesAPI\FilmesAPI.csproj", "{FC6E89CE-54F7-4147-A18D-06E4F7CAD115}"
EndProject
Global
	GlobalSection(SolutionConfigurationPlatforms) = preSolution
		Debug|Any CPU = Debug|Any CPU
		Release|Any CPU = Release|Any CPU
	EndGlobalSection
	GlobalSection(ProjectConfigurationPlatforms) = postSolution
		{FC6E89CE-54F7-4147-A18D-06E4F7CAD115}.Debug|Any CPU.ActiveCfg = Debug|Any CPU
		{FC6E89CE-54F7-4147-A18D-06E4F7CAD115}.Debug|Any CPU.Build.0 = Debug|Any CPU
		{FC6E89CE-54F7-4147-A18D-06E4F7CAD115}.Release|Any CPU.ActiveCfg = Release|Any CPU
		{FC6E89CE-54F7-4147-A18D-06E4F7CAD115}.Release|Any CPU.Build.0 = Release|Any CPU
	EndGlobalSection
	GlobalSection(SolutionProperties) = preSolution
		HideSolutionNode = FALSE
	EndGlobalSection
	GlobalSection(ExtensibilityGlobals) = postSolution
		SolutionGuid = {B59B6B9D-E533-409D-A0FC-8CA1E44E7A15}
	EndGlobalSection
EndGlobal
